<?xml version="1.0" encoding="utf-8"?>
<Project ToolsVersion="4.0" xmlns="http://schemas.microsoft.com/developer/msbuild/2003">
  <ItemGroup>
    <ClCompile Include="Source\IA.cpp" />
    <ClCompile Include="Source\Map.cpp" />
    <ClCompile Include="Source\Mud.cpp" />
    <ClCompile Include="Source\PhysEntity.cpp" />
    <ClCompile Include="Source\Car.cpp" />
    <ClCompile Include="Source/Application.cpp" />
    <ClCompile Include="Source/Log.cpp" />
    <ClCompile Include="Source/Main.cpp" />
    <ClCompile Include="Source/ModuleAudio.cpp" />
    <ClCompile Include="Source/ModulePhysics.cpp" />
    <ClCompile Include="Source/ModuleRender.cpp" />
    <ClCompile Include="Source/ModuleWindow.cpp" />
    <ClCompile Include="Source\ModuleGame.cpp" />
    <ClCompile Include="Source\Timer.cpp" />
    <ClCompile Include="Source\UIManager.cpp" />
    <ClCompile Include="Source\Text.cpp" />
  </ItemGroup>
  <ItemGroup>
    <ClInclude Include="Source\IA.h" />
    <ClInclude Include="Source\Map.h" />
    <ClInclude Include="Source\Mud.h" />
    <ClInclude Include="Source\PhysEntity.h" />
    <ClInclude Include="Source\Car.h" />
    <ClInclude Include="Source/Application.h" />
    <ClInclude Include="Source/Globals.h" />
    <ClInclude Include="Source/ModulePhysics.h" />
    <ClInclude Include="Source/Module.h" />
    <ClInclude Include="Source/ModuleAudio.h" />
    <ClInclude Include="Source/ModuleRender.h" />
    <ClInclude Include="Source/ModuleWindow.h" />
    <ClInclude Include="Source/p2Point.h" />
    <ClInclude Include="Source\ModuleGame.h" />
    <ClInclude Include="Source\Timer.h" />
    <ClInclude Include="Source\UIManager.h" />
    <ClInclude Include="Source\Text.h" />
    <ClInclude Include="Source\FinishLine.h" />
  </ItemGroup>
  <ItemGroup>
    <ResourceCompile Include="Source\resources.rc" />
  </ItemGroup>
</Project>